
Microsoft Visual Studio Solution File, Format Version 12.00
# Visual Studio Version 16
VisualStudioVersion = 16.0.30717.126
MinimumVisualStudioVersion = 10.0.40219.1
Project("{FAE04EC0-301F-11D3-BF4B-00C04F79EFBC}") = "Aeroporto", "Aeroporto\Aeroporto.csproj", "{D60A5408-5176-49AF-BA78-AB982A72A270}"
EndProject
Global
	GlobalSection(SolutionConfigurationPlatforms) = preSolution
		Debug|Any CPU = Debug|Any CPU
		Release|Any CPU = Release|Any CPU
	EndGlobalSection
	GlobalSection(ProjectConfigurationPlatforms) = postSolution
		{D60A5408-5176-49AF-BA78-AB982A72A270}.Debug|Any CPU.ActiveCfg = Debug|Any CPU
		{D60A5408-5176-49AF-BA78-AB982A72A270}.Debug|Any CPU.Build.0 = Debug|Any CPU
		{D60A5408-5176-49AF-BA78-AB982A72A270}.Release|Any CPU.ActiveCfg = Release|Any CPU
		{D60A5408-5176-49AF-BA78-AB982A72A270}.Release|Any CPU.Build.0 = Release|Any CPU
	EndGlobalSection
	GlobalSection(SolutionProperties) = preSolution
		HideSolutionNode = FALSE
	EndGlobalSection
	GlobalSection(ExtensibilityGlobals) = postSolution
		SolutionGuid = {921AD826-AAA6-41B7-9770-C70A00373F82}
	EndGlobalSection
EndGlobal
